# This file is automatically @generated by Cargo.
# It is not intended for manual editing.
version = 4

[[package]]
name = "auth"
version = "0.1.0"

[[package]]
name = "connectors"
version = "0.1.0"

[[package]]
name = "etl-worker"
version = "0.1.0"

[[package]]
name = "gateway"
version = "0.1.0"

[[package]]
name = "mcp-core"
version = "0.1.0"

[[package]]
name = "mcp-stdio"
version = "0.1.0"

[[package]]
name = "shared"
version = "0.1.0"

[[package]]
name = "storage"
version = "0.1.0"

[[package]]
name = "test-support"
version = "0.1.0"

[[package]]
name = "tools-data"
version = "0.1.0"

[[package]]
name = "tools-utility"
version = "0.1.0"
